
Microsoft Visual Studio Solution File, Format Version 12.00
# Visual Studio 15
VisualStudioVersion = 15.0.28307.168
MinimumVisualStudioVersion = 10.0.40219.1
Project("{8BC9CEB8-8B4A-11D0-8D11-00A0C91BC942}") = "AABB_LineSegment_3D", "AABB_LineSegment_3D.vcxproj", "{DDAB69FD-B034-4C7E-9B4F-9419564A3225}"
EndProject
Global
	GlobalSection(SolutionConfigurationPlatforms) = preSolution
		Debug|x86 = Debug|x86
		Release|x86 = Release|x86
	EndGlobalSection
	GlobalSection(ProjectConfigurationPlatforms) = postSolution
		{DDAB69FD-B034-4C7E-9B4F-9419564A3225}.Debug|x64.ActiveCfg = Debug|x64
		{DDAB69FD-B034-4C7E-9B4F-9419564A3225}.Debug|x64.Build.0 = Debug|x64
		{DDAB69FD-B034-4C7E-9B4F-9419564A3225}.Debug|x86.ActiveCfg = Debug|Win32
		{DDAB69FD-B034-4C7E-9B4F-9419564A3225}.Debug|x86.Build.0 = Debug|Win32
		{DDAB69FD-B034-4C7E-9B4F-9419564A3225}.Release|x64.ActiveCfg = Release|x64
		{DDAB69FD-B034-4C7E-9B4F-9419564A3225}.Release|x64.Build.0 = Release|x64
		{DDAB69FD-B034-4C7E-9B4F-9419564A3225}.Release|x86.ActiveCfg = Release|Win32
		{DDAB69FD-B034-4C7E-9B4F-9419564A3225}.Release|x86.Build.0 = Release|Win32
	EndGlobalSection
	GlobalSection(SolutionProperties) = preSolution
		HideSolutionNode = FALSE
	EndGlobalSection
	GlobalSection(ExtensibilityGlobals) = postSolution
		SolutionGuid = {5E6C4A54-F3A1-414B-820C-0C9B669382B4}
	EndGlobalSection
EndGlobal
